
Microsoft Visual Studio Solution File, Format Version 12.00
# Visual Studio Version 17
VisualStudioVersion = 17.14.36401.2 d17.14
MinimumVisualStudioVersion = 10.0.40219.1
Project("{FAE04EC0-301F-11D3-BF4B-00C04F79EFBC}") = "JobFinder", "JobFinder\JobFinder.csproj", "{28B0B91B-3F27-4C39-85FD-B7A7794D9B89}"
EndProject
Project("{2150E333-8FDC-42A3-9474-1A3956D46DE8}") = "Api", "Api", "{02EA681E-C7D8-13C7-8484-4AC65E1B71E8}"
EndProject
Project("{2150E333-8FDC-42A3-9474-1A3956D46DE8}") = "Application", "Application", "{38FFC23A-ADA3-461D-8E1F-5D317F66334E}"
EndProject
Project("{2150E333-8FDC-42A3-9474-1A3956D46DE8}") = "Contracts", "Contracts", "{5F5E8B85-79A2-4894-B087-775FD4B71939}"
EndProject
Project("{2150E333-8FDC-42A3-9474-1A3956D46DE8}") = "Domain", "Domain", "{64F9B4F8-25E7-4E59-8923-B5E7E4C4723C}"
EndProject
Project("{2150E333-8FDC-42A3-9474-1A3956D46DE8}") = "Infrastructure", "Infrastructure", "{816CEBAE-D208-4E12-8422-19F7FE5BFE3B}"
EndProject
Project("{2150E333-8FDC-42A3-9474-1A3956D46DE8}") = "Core", "Core", "{F5B6D923-BB5D-45FB-A488-1E1EDF2F4328}"
EndProject
Project("{FAE04EC0-301F-11D3-BF4B-00C04F79EFBC}") = "Application", "Application\Application.csproj", "{320A6FC6-FC2F-4F62-BB24-F68DC57C6D9C}"
EndProject
Project("{FAE04EC0-301F-11D3-BF4B-00C04F79EFBC}") = "Contracts", "Contracts\Contracts.csproj", "{A549F770-8B58-497C-8425-85B3E1200E93}"
EndProject
Project("{FAE04EC0-301F-11D3-BF4B-00C04F79EFBC}") = "Domain", "Domain\Domain.csproj", "{9C6536CA-35E7-49CC-913F-C86CA9565142}"
EndProject
Project("{FAE04EC0-301F-11D3-BF4B-00C04F79EFBC}") = "Infrastructure", "Infrastructure\Infrastructure.csproj", "{A38F69DA-3DE6-4D3F-8ADC-0DD54D73AB22}"
EndProject
Project("{FAE04EC0-301F-11D3-BF4B-00C04F79EFBC}") = "Persistance", "Persistance\Persistance.csproj", "{B9BD079C-B8E2-49E9-A433-C130E2DC36B6}"
EndProject
Project("{FAE04EC0-301F-11D3-BF4B-00C04F79EFBC}") = "Core", "Core\Core.csproj", "{03C35CA5-3BCA-4DB1-8D90-2A6977DD466C}"
EndProject
Global
	GlobalSection(SolutionConfigurationPlatforms) = preSolution
		Debug|Any CPU = Debug|Any CPU
		Release|Any CPU = Release|Any CPU
	EndGlobalSection
	GlobalSection(ProjectConfigurationPlatforms) = postSolution
		{28B0B91B-3F27-4C39-85FD-B7A7794D9B89}.Debug|Any CPU.ActiveCfg = Debug|Any CPU
		{28B0B91B-3F27-4C39-85FD-B7A7794D9B89}.Debug|Any CPU.Build.0 = Debug|Any CPU
		{28B0B91B-3F27-4C39-85FD-B7A7794D9B89}.Release|Any CPU.ActiveCfg = Release|Any CPU
		{28B0B91B-3F27-4C39-85FD-B7A7794D9B89}.Release|Any CPU.Build.0 = Release|Any CPU
		{320A6FC6-FC2F-4F62-BB24-F68DC57C6D9C}.Debug|Any CPU.ActiveCfg = Debug|Any CPU
		{320A6FC6-FC2F-4F62-BB24-F68DC57C6D9C}.Debug|Any CPU.Build.0 = Debug|Any CPU
		{320A6FC6-FC2F-4F62-BB24-F68DC57C6D9C}.Release|Any CPU.ActiveCfg = Release|Any CPU
		{320A6FC6-FC2F-4F62-BB24-F68DC57C6D9C}.Release|Any CPU.Build.0 = Release|Any CPU
		{A549F770-8B58-497C-8425-85B3E1200E93}.Debug|Any CPU.ActiveCfg = Debug|Any CPU
		{A549F770-8B58-497C-8425-85B3E1200E93}.Debug|Any CPU.Build.0 = Debug|Any CPU
		{A549F770-8B58-497C-8425-85B3E1200E93}.Release|Any CPU.ActiveCfg = Release|Any CPU
		{A549F770-8B58-497C-8425-85B3E1200E93}.Release|Any CPU.Build.0 = Release|Any CPU
		{9C6536CA-35E7-49CC-913F-C86CA9565142}.Debug|Any CPU.ActiveCfg = Debug|Any CPU
		{9C6536CA-35E7-49CC-913F-C86CA9565142}.Debug|Any CPU.Build.0 = Debug|Any CPU
		{9C6536CA-35E7-49CC-913F-C86CA9565142}.Release|Any CPU.ActiveCfg = Release|Any CPU
		{9C6536CA-35E7-49CC-913F-C86CA9565142}.Release|Any CPU.Build.0 = Release|Any CPU
		{A38F69DA-3DE6-4D3F-8ADC-0DD54D73AB22}.Debug|Any CPU.ActiveCfg = Debug|Any CPU
		{A38F69DA-3DE6-4D3F-8ADC-0DD54D73AB22}.Debug|Any CPU.Build.0 = Debug|Any CPU
		{A38F69DA-3DE6-4D3F-8ADC-0DD54D73AB22}.Release|Any CPU.ActiveCfg = Release|Any CPU
		{A38F69DA-3DE6-4D3F-8ADC-0DD54D73AB22}.Release|Any CPU.Build.0 = Release|Any CPU
		{B9BD079C-B8E2-49E9-A433-C130E2DC36B6}.Debug|Any CPU.ActiveCfg = Debug|Any CPU
		{B9BD079C-B8E2-49E9-A433-C130E2DC36B6}.Debug|Any CPU.Build.0 = Debug|Any CPU
		{B9BD079C-B8E2-49E9-A433-C130E2DC36B6}.Release|Any CPU.ActiveCfg = Release|Any CPU
		{B9BD079C-B8E2-49E9-A433-C130E2DC36B6}.Release|Any CPU.Build.0 = Release|Any CPU
		{03C35CA5-3BCA-4DB1-8D90-2A6977DD466C}.Debug|Any CPU.ActiveCfg = Debug|Any CPU
		{03C35CA5-3BCA-4DB1-8D90-2A6977DD466C}.Debug|Any CPU.Build.0 = Debug|Any CPU
		{03C35CA5-3BCA-4DB1-8D90-2A6977DD466C}.Release|Any CPU.ActiveCfg = Release|Any CPU
		{03C35CA5-3BCA-4DB1-8D90-2A6977DD466C}.Release|Any CPU.Build.0 = Release|Any CPU
	EndGlobalSection
	GlobalSection(SolutionProperties) = preSolution
		HideSolutionNode = FALSE
	EndGlobalSection
	GlobalSection(NestedProjects) = preSolution
		{28B0B91B-3F27-4C39-85FD-B7A7794D9B89} = {02EA681E-C7D8-13C7-8484-4AC65E1B71E8}
		{320A6FC6-FC2F-4F62-BB24-F68DC57C6D9C} = {38FFC23A-ADA3-461D-8E1F-5D317F66334E}
		{A549F770-8B58-497C-8425-85B3E1200E93} = {5F5E8B85-79A2-4894-B087-775FD4B71939}
		{9C6536CA-35E7-49CC-913F-C86CA9565142} = {64F9B4F8-25E7-4E59-8923-B5E7E4C4723C}
		{A38F69DA-3DE6-4D3F-8ADC-0DD54D73AB22} = {816CEBAE-D208-4E12-8422-19F7FE5BFE3B}
		{B9BD079C-B8E2-49E9-A433-C130E2DC36B6} = {816CEBAE-D208-4E12-8422-19F7FE5BFE3B}
		{03C35CA5-3BCA-4DB1-8D90-2A6977DD466C} = {F5B6D923-BB5D-45FB-A488-1E1EDF2F4328}
	EndGlobalSection
	GlobalSection(ExtensibilityGlobals) = postSolution
		SolutionGuid = {60A45118-7978-44F0-9191-14635527E116}
	EndGlobalSection
EndGlobal
